
Microsoft Visual Studio Solution File, Format Version 12.00
# Visual Studio Version 17
VisualStudioVersion = 17.9.34728.123
MinimumVisualStudioVersion = 10.0.40219.1
Project("{FAE04EC0-301F-11D3-BF4B-00C04F79EFBC}") = "ResizeableRectangle", "ResizeableRectangle\ResizeableRectangle.csproj", "{306EDD45-78BB-4AC3-8BB7-38A8998740B7}"
EndProject
Global
	GlobalSection(SolutionConfigurationPlatforms) = preSolution
		Debug|ARM64 = Debug|ARM64
		Debug|x64 = Debug|x64
		Debug|x86 = Debug|x86
		Release|ARM64 = Release|ARM64
		Release|x64 = Release|x64
		Release|x86 = Release|x86
	EndGlobalSection
	GlobalSection(ProjectConfigurationPlatforms) = postSolution
		{306EDD45-78BB-4AC3-8BB7-38A8998740B7}.Debug|ARM64.ActiveCfg = Debug|ARM64
		{306EDD45-78BB-4AC3-8BB7-38A8998740B7}.Debug|ARM64.Build.0 = Debug|ARM64
		{306EDD45-78BB-4AC3-8BB7-38A8998740B7}.Debug|ARM64.Deploy.0 = Debug|ARM64
		{306EDD45-78BB-4AC3-8BB7-38A8998740B7}.Debug|x64.ActiveCfg = Debug|x64
		{306EDD45-78BB-4AC3-8BB7-38A8998740B7}.Debug|x64.Build.0 = Debug|x64
		{306EDD45-78BB-4AC3-8BB7-38A8998740B7}.Debug|x64.Deploy.0 = Debug|x64
		{306EDD45-78BB-4AC3-8BB7-38A8998740B7}.Debug|x86.ActiveCfg = Debug|x86
		{306EDD45-78BB-4AC3-8BB7-38A8998740B7}.Debug|x86.Build.0 = Debug|x86
		{306EDD45-78BB-4AC3-8BB7-38A8998740B7}.Debug|x86.Deploy.0 = Debug|x86
		{306EDD45-78BB-4AC3-8BB7-38A8998740B7}.Release|ARM64.ActiveCfg = Release|ARM64
		{306EDD45-78BB-4AC3-8BB7-38A8998740B7}.Release|ARM64.Build.0 = Release|ARM64
		{306EDD45-78BB-4AC3-8BB7-38A8998740B7}.Release|ARM64.Deploy.0 = Release|ARM64
		{306EDD45-78BB-4AC3-8BB7-38A8998740B7}.Release|x64.ActiveCfg = Release|x64
		{306EDD45-78BB-4AC3-8BB7-38A8998740B7}.Release|x64.Build.0 = Release|x64
		{306EDD45-78BB-4AC3-8BB7-38A8998740B7}.Release|x64.Deploy.0 = Release|x64
		{306EDD45-78BB-4AC3-8BB7-38A8998740B7}.Release|x86.ActiveCfg = Release|x86
		{306EDD45-78BB-4AC3-8BB7-38A8998740B7}.Release|x86.Build.0 = Release|x86
		{306EDD45-78BB-4AC3-8BB7-38A8998740B7}.Release|x86.Deploy.0 = Release|x86
	EndGlobalSection
	GlobalSection(SolutionProperties) = preSolution
		HideSolutionNode = FALSE
	EndGlobalSection
	GlobalSection(ExtensibilityGlobals) = postSolution
		SolutionGuid = {C03CF878-EE5C-46EA-8E70-815D6CC1997D}
	EndGlobalSection
EndGlobal
